
Microsoft Visual Studio Solution File, Format Version 12.00
# Visual Studio Version 17
VisualStudioVersion = 17.7.34024.191
MinimumVisualStudioVersion = 10.0.40219.1
Project("{9A19103F-16F7-4668-BE54-9A1E7A4F7556}") = "giggreen", "giggreen\giggreen.csproj", "{ED0EC735-5E8D-4809-8DFE-CC4B1AE9017A}"
EndProject
Global
	GlobalSection(SolutionConfigurationPlatforms) = preSolution
		Debug|Any CPU = Debug|Any CPU
		Release|Any CPU = Release|Any CPU
	EndGlobalSection
	GlobalSection(ProjectConfigurationPlatforms) = postSolution
		{ED0EC735-5E8D-4809-8DFE-CC4B1AE9017A}.Debug|Any CPU.ActiveCfg = Debug|Any CPU
		{ED0EC735-5E8D-4809-8DFE-CC4B1AE9017A}.Debug|Any CPU.Build.0 = Debug|Any CPU
		{ED0EC735-5E8D-4809-8DFE-CC4B1AE9017A}.Release|Any CPU.ActiveCfg = Release|Any CPU
		{ED0EC735-5E8D-4809-8DFE-CC4B1AE9017A}.Release|Any CPU.Build.0 = Release|Any CPU
	EndGlobalSection
	GlobalSection(SolutionProperties) = preSolution
		HideSolutionNode = FALSE
	EndGlobalSection
	GlobalSection(ExtensibilityGlobals) = postSolution
		SolutionGuid = {3113F8F6-077E-4C6F-BBDF-4C20F9724ACD}
	EndGlobalSection
EndGlobal
